{
  "nodes": {
    "nixpkgs": {
      "locked": {
        "lastModified": 1607112761,
        "narHash": "sha256-JPLqSLlw7oDK2nUK/uzrjJMJFwppUbGZ19EbSLzqPA0=",
        "owner": "NixOS",
        "repo": "nixpkgs",
        "rev": "1917e6fd9e793f8279c8e3b5e03b13355bbb3784",
        "type": "github"
      },
      "original": {
        "id": "nixpkgs",
        "type": "indirect"
      }
    },
    "root": {
      "inputs": {
        "nixpkgs": "nixpkgs"
      }
    }
  },
  "root": "root",
  "version": 7
}
